
Microsoft Visual Studio Solution File, Format Version 12.00
# Visual Studio Version 16
VisualStudioVersion = 16.0.29123.88
MinimumVisualStudioVersion = 10.0.40219.1
Project("{FAE04EC0-301F-11D3-BF4B-00C04F79EFBC}") = "niko_vend", "niko_vend.csproj", "{3EDB5390-43B9-4937-A5F1-75BBE1944817}"
EndProject
Global
	GlobalSection(SolutionConfigurationPlatforms) = preSolution
		Debug|Any CPU = Debug|Any CPU
		Release|Any CPU = Release|Any CPU
	EndGlobalSection
	GlobalSection(ProjectConfigurationPlatforms) = postSolution
		{3EDB5390-43B9-4937-A5F1-75BBE1944817}.Debug|Any CPU.ActiveCfg = Debug|Any CPU
		{3EDB5390-43B9-4937-A5F1-75BBE1944817}.Debug|Any CPU.Build.0 = Debug|Any CPU
		{3EDB5390-43B9-4937-A5F1-75BBE1944817}.Release|Any CPU.ActiveCfg = Release|Any CPU
		{3EDB5390-43B9-4937-A5F1-75BBE1944817}.Release|Any CPU.Build.0 = Release|Any CPU
	EndGlobalSection
	GlobalSection(SolutionProperties) = preSolution
		HideSolutionNode = FALSE
	EndGlobalSection
	GlobalSection(ExtensibilityGlobals) = postSolution
		SolutionGuid = {BE014A2E-5F3A-47F0-9EB7-C3B1FF47A5BE}
	EndGlobalSection
EndGlobal
